
Microsoft Visual Studio Solution File, Format Version 12.00
# Visual Studio Version 16
VisualStudioVersion = 16.0.30503.244
MinimumVisualStudioVersion = 10.0.40219.1
Project("{FAE04EC0-301F-11D3-BF4B-00C04F79EFBC}") = "LoginAppApi", "LoginAppApi.csproj", "{963DF160-72EF-4E85-9BEA-10E62C72305D}"
EndProject
Global
	GlobalSection(SolutionConfigurationPlatforms) = preSolution
		Debug|Any CPU = Debug|Any CPU
		Release|Any CPU = Release|Any CPU
	EndGlobalSection
	GlobalSection(ProjectConfigurationPlatforms) = postSolution
		{963DF160-72EF-4E85-9BEA-10E62C72305D}.Debug|Any CPU.ActiveCfg = Debug|Any CPU
		{963DF160-72EF-4E85-9BEA-10E62C72305D}.Debug|Any CPU.Build.0 = Debug|Any CPU
		{963DF160-72EF-4E85-9BEA-10E62C72305D}.Release|Any CPU.ActiveCfg = Release|Any CPU
		{963DF160-72EF-4E85-9BEA-10E62C72305D}.Release|Any CPU.Build.0 = Release|Any CPU
	EndGlobalSection
	GlobalSection(SolutionProperties) = preSolution
		HideSolutionNode = FALSE
	EndGlobalSection
	GlobalSection(ExtensibilityGlobals) = postSolution
		SolutionGuid = {661541A8-4D62-4F07-8F7D-128B3B4D16A0}
	EndGlobalSection
EndGlobal
